{
  "name": "apkinstaller",
  "version": "1.0.0",
  "lockfileVersion": 3,
  "requires": true,
  "packages": {
    "": {
      "name": "apkinstaller",
      "version": "1.0.0",
      "license": "MIT",
      "dependencies": {"react": "^18.3.1", "react-dom": "^18.3.1"},
      "devDependencies": {
        "@types/jest": "^29.5.14",
        "@types/node": "^22.10.2",
        "@types/react": "^18.3.18",
        "@types/react-dom": "^18.3.5",
        "@typescript-eslint/eslint-plugin": "^8.18.0",
        "@typescript-eslint/parser": "^8.18.0",
        "concurrently": "^9.1.2",
        "css-loader": "^7.1.2",
        "electron": "^33.2.1",
        "electron-builder": "^25.1.8",
        "eslint": "^8.57.1",
        "html-webpack-plugin": "^5.6.3",
        "jest": "^29.7.0",
        "jsdom": "^25.0.1",
        "style-loader": "^4.0.0",
        "ts-jest": "^29.2.5",
        "ts-loader": "^9.5.1",
        "typescript": "^5.7.2",
        "webpack": "^5.97.1",
        "webpack-cli": "^6.0.1"
      }
    }
  }
}
